
Microsoft Visual Studio Solution File, Format Version 12.00
# Visual Studio Version 16
VisualStudioVersion = 16.0.30804.86
MinimumVisualStudioVersion = 10.0.40219.1
Project("{9A19103F-16F7-4668-BE54-9A1E7A4F7556}") = "WordCounterConsoleApp1", "WordCounterConsoleApp1\WordCounterConsoleApp1.csproj", "{1DE3A0EB-79C7-44E5-BE84-B72048CDF5BA}"
EndProject
Project("{FAE04EC0-301F-11D3-BF4B-00C04F79EFBC}") = "UnitTestProject1", "UnitTestProject1\UnitTestProject1.csproj", "{54B43E42-DE04-41AE-B1AF-F05F41B9D8E7}"
EndProject
Global
	GlobalSection(SolutionConfigurationPlatforms) = preSolution
		Debug|Any CPU = Debug|Any CPU
		Release|Any CPU = Release|Any CPU
	EndGlobalSection
	GlobalSection(ProjectConfigurationPlatforms) = postSolution
		{1DE3A0EB-79C7-44E5-BE84-B72048CDF5BA}.Debug|Any CPU.ActiveCfg = Debug|Any CPU
		{1DE3A0EB-79C7-44E5-BE84-B72048CDF5BA}.Debug|Any CPU.Build.0 = Debug|Any CPU
		{1DE3A0EB-79C7-44E5-BE84-B72048CDF5BA}.Release|Any CPU.ActiveCfg = Release|Any CPU
		{1DE3A0EB-79C7-44E5-BE84-B72048CDF5BA}.Release|Any CPU.Build.0 = Release|Any CPU
		{54B43E42-DE04-41AE-B1AF-F05F41B9D8E7}.Debug|Any CPU.ActiveCfg = Debug|Any CPU
		{54B43E42-DE04-41AE-B1AF-F05F41B9D8E7}.Debug|Any CPU.Build.0 = Debug|Any CPU
		{54B43E42-DE04-41AE-B1AF-F05F41B9D8E7}.Release|Any CPU.ActiveCfg = Release|Any CPU
		{54B43E42-DE04-41AE-B1AF-F05F41B9D8E7}.Release|Any CPU.Build.0 = Release|Any CPU
	EndGlobalSection
	GlobalSection(SolutionProperties) = preSolution
		HideSolutionNode = FALSE
	EndGlobalSection
	GlobalSection(ExtensibilityGlobals) = postSolution
		SolutionGuid = {D9885E0F-4739-4F3C-A151-4D86BD24570E}
	EndGlobalSection
EndGlobal
